// !$*UTF8*$!
{
	archiveVersion = 1;
	classes = {
	};
	objectVersion = 50;
	objects = {

/* Begin PBXBuildFile section */
		AE1F9B6328D08D8E00A9F173 /* AppDelegate.swift in Sources */ = {isa = PBXBuildFile; fileRef = AE1F9B6228D08D8E00A9F173 /* AppDelegate.swift */; };
		AE1F9B6528D08D8E00A9F173 /* SceneDelegate.swift in Sources */ = {isa = PBXBuildFile; fileRef = AE1F9B6428D08D8E00A9F173 /* SceneDelegate.swift */; };
		AE1F9B6728D08D8E00A9F173 /* ViewController.swift in Sources */ = {isa = PBXBuildFile; fileRef = AE1F9B6628D08D8E00A9F173 /* ViewController.swift */; };
		AE1F9B6A28D08D8E00A9F173 /* Main.storyboard in Resources */ = {isa = PBXBuildFile; fileRef = AE1F9B6828D08D8E00A9F173 /* Main.storyboard */; };
		AE1F9B6C28D08D9000A9F173 /* Assets.xcassets in Resources */ = {isa = PBXBuildFile; fileRef = AE1F9B6B28D08D9000A9F173 /* Assets.xcassets */; };
		AE1F9B6F28D08D9000A9F173 /* LaunchScreen.storyboard in Resources */ = {isa = PBXBuildFile; fileRef = AE1F9B6D28D08D9000A9F173 /* LaunchScreen.storyboard */; };
		AE1F9B7A28D08D9100A9F173 /* ggTests.swift in Sources */ = {isa = PBXBuildFile; fileRef = AE1F9B7928D08D9100A9F173 /* ggTests.swift */; };
		AE1F9B8528D08D9100A9F173 /* ggUITests.swift in Sources */ = {isa = PBXBuildFile; fileRef = AE1F9B8428D08D9100A9F173 /* ggUITests.swift */; };
/* End PBXBuildFile section */

/* Begin PBXContainerItemProxy section */
		AE1F9B7628D08D9100A9F173 /* PBXContainerItemProxy */ = {
			isa = PBXContainerItemProxy;
			containerPortal = AE1F9B5728D08D8E00A9F173 /* Project object */;
			proxyType = 1;
			remoteGlobalIDString = AE1F9B5E28D08D8E00A9F173;
			remoteInfo = gg;
		};
		AE1F9B8128D08D9100A9F173 /* PBXContainerItemProxy */ = {
			isa = PBXContainerItemProxy;
			containerPortal = AE1F9B5728D08D8E00A9F173 /* Project object */;
			proxyType = 1;
			remoteGlobalIDString = AE1F9B5E28D08D8E00A9F173;
			remoteInfo = gg;
		};
/* End PBXContainerItemProxy section */

/* Begin PBXFileReference section */
		AE1F9B5F28D08D8E00A9F173 /* gg.app */ = {isa = PBXFileReference; explicitFileType = wrapper.application; includeInIndex = 0; path = gg.app; sourceTree = BUILT_PRODUCTS_DIR; };
		AE1F9B6228D08D8E00A9F173 /* AppDelegate.swift */ = {isa = PBXFileReference; lastKnownFileType = sourcecode.swift; path = AppDelegate.swift; sourceTree = "<group>"; };
		AE1F9B6428D08D8E00A9F173 /* SceneDelegate.swift */ = {isa = PBXFileReference; lastKnownFileType = sourcecode.swift; path = SceneDelegate.swift; sourceTree = "<group>"; };
		AE1F9B6628D08D8E00A9F173 /* ViewController.swift */ = {isa = PBXFileReference; lastKnownFileType = sourcecode.swift; path = ViewController.swift; sourceTree = "<group>"; };
		AE1F9B6928D08D8E00A9F173 /* Base */ = {isa = PBXFileReference; lastKnownFileType = file.storyboard; name = Base; path = Base.lproj/Main.storyboard; sourceTree = "<group>"; };
		AE1F9B6B28D08D9000A9F173 /* Assets.xcassets */ = {isa = PBXFileReference; lastKnownFileType = folder.assetcatalog; path = Assets.xcassets; sourceTree = "<group>"; };
		AE1F9B6E28D08D9000A9F173 /* Base */ = {isa = PBXFileReference; lastKnownFileType = file.storyboard; name = Base; path = Base.lproj/LaunchScreen.storyboard; sourceTree = "<group>"; };
		AE1F9B7028D08D9000A9F173 /* Info.plist */ = {isa = PBXFileReference; lastKnownFileType = text.plist.xml; path = Info.plist; sourceTree = "<group>"; };
		AE1F9B7528D08D9100A9F173 /* ggTests.xctest */ = {isa = PBXFileReference; explicitFileType = wrapper.cfbundle; includeInIndex = 0; path = ggTests.xctest; sourceTree = BUILT_PRODUCTS_DIR; };
		AE1F9B7928D08D9100A9F173 /* ggTests.swift */ = {isa = PBXFileReference; lastKnownFileType = sourcecode.swift; path = ggTests.swift; sourceTree = "<group>"; };
		AE1F9B7B28D08D9100A9F173 /* Info.plist */ = {isa = PBXFileReference; lastKnownFileType = text.plist.xml; path = Info.plist; sourceTree = "<group>"; };
		AE1F9B8028D08D9100A9F173 /* ggUITests.xctest */ = {isa = PBXFileReference; explicitFileType = wrapper.cfbundle; includeInIndex = 0; path = ggUITests.xctest; sourceTree = BUILT_PRODUCTS_DIR; };
		AE1F9B8428D08D9100A9F173 /* ggUITests.swift */ = {isa = PBXFileReference; lastKnownFileType = sourcecode.swift; path = ggUITests.swift; sourceTree = "<group>"; };
		AE1F9B8628D08D9100A9F173 /* Info.plist */ = {isa = PBXFileReference; lastKnownFileType = text.plist.xml; path = Info.plist; sourceTree = "<group>"; };
/* End PBXFileReference section */

/* Begin PBXFrameworksBuildPhase section */
		AE1F9B5C28D08D8E00A9F173 /* Frameworks */ = {
			isa = PBXFrameworksBuildPhase;
			buildActionMask = 2147483647;
			files = (
			);
			runOnlyForDeploymentPostprocessing = 0;
		};
		AE1F9B7228D08D9100A9F173 /* Frameworks */ = {
			isa = PBXFrameworksBuildPhase;
			buildActionMask = 2147483647;
			files = (
			);
			runOnlyForDeploymentPostprocessing = 0;
		};
		AE1F9B7D28D08D9100A9F173 /* Frameworks */ = {
			isa = PBXFrameworksBuildPhase;
			buildActionMask = 2147483647;
			files = (
			);
			runOnlyForDeploymentPostprocessing = 0;
		};
/* End PBXFrameworksBuildPhase section */

/* Begin PBXGroup section */
		AE1F9B5628D08D8E00A9F173 = {
			isa = PBXGroup;
			children = (
				AE1F9B6128D08D8E00A9F173 /* gg */,
				AE1F9B7828D08D9100A9F173 /* ggTests */,
				AE1F9B8328D08D9100A9F173 /* ggUITests */,
				AE1F9B6028D08D8E00A9F173 /* Products */,
			);
			sourceTree = "<group>";
		};
		AE1F9B6028D08D8E00A9F173 /* Products */ = {
			isa = PBXGroup;
			children = (
				AE1F9B5F28D08D8E00A9F173 /* gg.app */,
				AE1F9B7528D08D9100A9F173 /* ggTests.xctest */,
				AE1F9B8028D08D9100A9F173 /* ggUITests.xctest */,
			);
			name = Products;
			sourceTree = "<group>";
		};
		AE1F9B6128D08D8E00A9F173 /* gg */ = {
			isa = PBXGroup;
			children = (
				AE1F9B6228D08D8E00A9F173 /* AppDelegate.swift */,
				AE1F9B6428D08D8E00A9F173 /* SceneDelegate.swift */,
				AE1F9B6628D08D8E00A9F173 /* ViewController.swift */,
				AE1F9B6828D08D8E00A9F173 /* Main.storyboard */,
				AE1F9B6B28D08D9000A9F173 /* Assets.xcassets */,
				AE1F9B6D28D08D9000A9F173 /* LaunchScreen.storyboard */,
				AE1F9B7028D08D9000A9F173 /* Info.plist */,
			);
			path = gg;
			sourceTree = "<group>";
		};
		AE1F9B7828D08D9100A9F173 /* ggTests */ = {
			isa = PBXGroup;
			children = (
				AE1F9B7928D08D9100A9F173 /* ggTests.swift */,
				AE1F9B7B28D08D9100A9F173 /* Info.plist */,
			);
			path = ggTests;
			sourceTree = "<group>";
		};
		AE1F9B8328D08D9100A9F173 /* ggUITests */ = {
			isa = PBXGroup;
			children = (
				AE1F9B8428D08D9100A9F173 /* ggUITests.swift */,
				AE1F9B8628D08D9100A9F173 /* Info.plist */,
			);
			path = ggUITests;
			sourceTree = "<group>";
		};
/* End PBXGroup section */

/* Begin PBXNativeTarget section */
		AE1F9B5E28D08D8E00A9F173 /* gg */ = {
			isa = PBXNativeTarget;
			buildConfigurationList = AE1F9B8928D08D9100A9F173 /* Build configuration list for PBXNativeTarget "gg" */;
			buildPhases = (
				AE1F9B5B28D08D8E00A9F173 /* Sources */,
				AE1F9B5C28D08D8E00A9F173 /* Frameworks */,
				AE1F9B5D28D08D8E00A9F173 /* Resources */,
			);
			buildRules = (
			);
			dependencies = (
			);
			name = gg;
			productName = gg;
			productReference = AE1F9B5F28D08D8E00A9F173 /* gg.app */;
			productType = "com.apple.product-type.application";
		};
		AE1F9B7428D08D9100A9F173 /* ggTests */ = {
			isa = PBXNativeTarget;
			buildConfigurationList = AE1F9B8C28D08D9100A9F173 /* Build configuration list for PBXNativeTarget "ggTests" */;
			buildPhases = (
				AE1F9B7128D08D9100A9F173 /* Sources */,
				AE1F9B7228D08D9100A9F173 /* Frameworks */,
				AE1F9B7328D08D9100A9F173 /* Resources */,
			);
			buildRules = (
			);
			dependencies = (
				AE1F9B7728D08D9100A9F173 /* PBXTargetDependency */,
			);
			name = ggTests;
			productName = ggTests;
			productReference = AE1F9B7528D08D9100A9F173 /* ggTests.xctest */;
			productType = "com.apple.product-type.bundle.unit-test";
		};
		AE1F9B7F28D08D9100A9F173 /* ggUITests */ = {
			isa = PBXNativeTarget;
			buildConfigurationList = AE1F9B8F28D08D9100A9F173 /* Build configuration list for PBXNativeTarget "ggUITests" */;
			buildPhases = (
				AE1F9B7C28D08D9100A9F173 /* Sources */,
				AE1F9B7D28D08D9100A9F173 /* Frameworks */,
				AE1F9B7E28D08D9100A9F173 /* Resources */,
			);
			buildRules = (
			);
			dependencies = (
				AE1F9B8228D08D9100A9F173 /* PBXTargetDependency */,
			);
			name = ggUITests;
			productName = ggUITests;
			productReference = AE1F9B8028D08D9100A9F173 /* ggUITests.xctest */;
			productType = "com.apple.product-type.bundle.ui-testing";
		};
/* End PBXNativeTarget section */

/* Begin PBXProject section */
		AE1F9B5728D08D8E00A9F173 /* Project object */ = {
			isa = PBXProject;
			attributes = {
				LastSwiftUpdateCheck = 1230;
				LastUpgradeCheck = 1230;
				TargetAttributes = {
					AE1F9B5E28D08D8E00A9F173 = {
						CreatedOnToolsVersion = 12.3;
					};
					AE1F9B7428D08D9100A9F173 = {
						CreatedOnToolsVersion = 12.3;
						TestTargetID = AE1F9B5E28D08D8E00A9F173;
					};
					AE1F9B7F28D08D9100A9F173 = {
						CreatedOnToolsVersion = 12.3;
						TestTargetID = AE1F9B5E28D08D8E00A9F173;
					};
				};
			};
			buildConfigurationList = AE1F9B5A28D08D8E00A9F173 /* Build configuration list for PBXProject "gg" */;
			compatibilityVersion = "Xcode 9.3";
			developmentRegion = en;
			hasScannedForEncodings = 0;
			knownRegions = (
				en,
				Base,
			);
			mainGroup = AE1F9B5628D08D8E00A9F173;
			productRefGroup = AE1F9B6028D08D8E00A9F173 /* Products */;
			projectDirPath = "";
			projectRoot = "";
			targets = (
				AE1F9B5E28D08D8E00A9F173 /* gg */,
				AE1F9B7428D08D9100A9F173 /* ggTests */,
				AE1F9B7F28D08D9100A9F173 /* ggUITests */,
			);
		};
/* End PBXProject section */

/* Begin PBXResourcesBuildPhase section */
		AE1F9B5D28D08D8E00A9F173 /* Resources */ = {
			isa = PBXResourcesBuildPhase;
			buildActionMask = 2147483647;
			files = (
				AE1F9B6F28D08D9000A9F173 /* LaunchScreen.storyboard in Resources */,
				AE1F9B6C28D08D9000A9F173 /* Assets.xcassets in Resources */,
				AE1F9B6A28D08D8E00A9F173 /* Main.storyboard in Resources */,
			);
			runOnlyForDeploymentPostprocessing = 0;
		};
		AE1F9B7328D08D9100A9F173 /* Resources */ = {
			isa = PBXResourcesBuildPhase;
			buildActionMask = 2147483647;
			files = (
			);
			runOnlyForDeploymentPostprocessing = 0;
		};
		AE1F9B7E28D08D9100A9F173 /* Resources */ = {
			isa = PBXResourcesBuildPhase;
			buildActionMask = 2147483647;
			files = (
			);
			runOnlyForDeploymentPostprocessing = 0;
		};
/* End PBXResourcesBuildPhase section */

/* Begin PBXSourcesBuildPhase section */
		AE1F9B5B28D08D8E00A9F173 /* Sources */ = {
			isa = PBXSourcesBuildPhase;
			buildActionMask = 2147483647;
			files = (
				AE1F9B6728D08D8E00A9F173 /* ViewController.swift in Sources */,
				AE1F9B6328D08D8E00A9F173 /* AppDelegate.swift in Sources */,
				AE1F9B6528D08D8E00A9F173 /* SceneDelegate.swift in Sources */,
			);
			runOnlyForDeploymentPostprocessing = 0;
		};
		AE1F9B7128D08D9100A9F173 /* Sources */ = {
			isa = PBXSourcesBuildPhase;
			buildActionMask = 2147483647;
			files = (
				AE1F9B7A28D08D9100A9F173 /* ggTests.swift in Sources */,
			);
			runOnlyForDeploymentPostprocessing = 0;
		};
		AE1F9B7C28D08D9100A9F173 /* Sources */ = {
			isa = PBXSourcesBuildPhase;
			buildActionMask = 2147483647;
			files = (
				AE1F9B8528D08D9100A9F173 /* ggUITests.swift in Sources */,
			);
			runOnlyForDeploymentPostprocessing = 0;
		};
/* End PBXSourcesBuildPhase section */

/* Begin PBXTargetDependency section */
		AE1F9B7728D08D9100A9F173 /* PBXTargetDependency */ = {
			isa = PBXTargetDependency;
			target = AE1F9B5E28D08D8E00A9F173 /* gg */;
			targetProxy = AE1F9B7628D08D9100A9F173 /* PBXContainerItemProxy */;
		};
		AE1F9B8228D08D9100A9F173 /* PBXTargetDependency */ = {
			isa = PBXTargetDependency;
			target = AE1F9B5E28D08D8E00A9F173 /* gg */;
			targetProxy = AE1F9B8128D08D9100A9F173 /* PBXContainerItemProxy */;
		};
/* End PBXTargetDependency section */

/* Begin PBXVariantGroup section */
		AE1F9B6828D08D8E00A9F173 /* Main.storyboard */ = {
			isa = PBXVariantGroup;
			children = (
				AE1F9B6928D08D8E00A9F173 /* Base */,
			);
			name = Main.storyboard;
			sourceTree = "<group>";
		};
		AE1F9B6D28D08D9000A9F173 /* LaunchScreen.storyboard */ = {
			isa = PBXVariantGroup;
			children = (
				AE1F9B6E28D08D9000A9F173 /* Base */,
			);
			name = LaunchScreen.storyboard;
			sourceTree = "<group>";
		};
/* End PBXVariantGroup section */

/* Begin XCBuildConfiguration section */
		AE1F9B8728D08D9100A9F173 /* Debug */ = {
			isa = XCBuildConfiguration;
			buildSettings = {
				ALWAYS_SEARCH_USER_PATHS = NO;
				CLANG_ANALYZER_NONNULL = YES;
				CLANG_ANALYZER_NUMBER_OBJECT_CONVERSION = YES_AGGRESSIVE;
				CLANG_CXX_LANGUAGE_STANDARD = "gnu++14";
				CLANG_CXX_LIBRARY = "libc++";
				CLANG_ENABLE_MODULES = YES;
				CLANG_ENABLE_OBJC_ARC = YES;
				CLANG_ENABLE_OBJC_WEAK = YES;
				CLANG_WARN_BLOCK_CAPTURE_AUTORELEASING = YES;
				CLANG_WARN_BOOL_CONVERSION = YES;
				CLANG_WARN_COMMA = YES;
				CLANG_WARN_CONSTANT_CONVERSION = YES;
				CLANG_WARN_DEPRECATED_OBJC_IMPLEMENTATIONS = YES;
				CLANG_WARN_DIRECT_OBJC_ISA_USAGE = YES_ERROR;
				CLANG_WARN_DOCUMENTATION_COMMENTS = YES;
				CLANG_WARN_EMPTY_BODY = YES;
				CLANG_WARN_ENUM_CONVERSION = YES;
				CLANG_WARN_INFINITE_RECURSION = YES;
				CLANG_WARN_INT_CONVERSION = YES;
				CLANG_WARN_NON_LITERAL_NULL_CONVERSION = YES;
				CLANG_WARN_OBJC_IMPLICIT_RETAIN_SELF = YES;
				CLANG_WARN_OBJC_LITERAL_CONVERSION = YES;
				CLANG_WARN_OBJC_ROOT_CLASS = YES_ERROR;
				CLANG_WARN_QUOTED_INCLUDE_IN_FRAMEWORK_HEADER = YES;
				CLANG_WARN_RANGE_LOOP_ANALYSIS = YES;
				CLANG_WARN_STRICT_PROTOTYPES = YES;
				CLANG_WARN_SUSPICIOUS_MOVE = YES;
				CLANG_WARN_UNGUARDED_AVAILABILITY = YES_AGGRESSIVE;
				CLANG_WARN_UNREACHABLE_CODE = YES;
				CLANG_WARN__DUPLICATE_METHOD_MATCH = YES;
				COPY_PHASE_STRIP = NO;
				DEBUG_INFORMATION_FORMAT = dwarf;
				ENABLE_STRICT_OBJC_MSGSEND = YES;
				ENABLE_TESTABILITY = YES;
				GCC_C_LANGUAGE_STANDARD = gnu11;
				GCC_DYNAMIC_NO_PIC = NO;
				GCC_NO_COMMON_BLOCKS = YES;
				GCC_OPTIMIZATION_LEVEL = 0;
				GCC_PREPROCESSOR_DEFINITIONS = (
					"DEBUG=1",
					"$(inherited)",
				);
				GCC_WARN_64_TO_32_BIT_CONVERSION = YES;
				GCC_WARN_ABOUT_RETURN_TYPE = YES_ERROR;
				GCC_WARN_UNDECLARED_SELECTOR = YES;
				GCC_WARN_UNINITIALIZED_AUTOS = YES_AGGRESSIVE;
				GCC_WARN_UNUSED_FUNCTION = YES;
				GCC_WARN_UNUSED_VARIABLE = YES;
				IPHONEOS_DEPLOYMENT_TARGET = 14.3;
				MTL_ENABLE_DEBUG_INFO = INCLUDE_SOURCE;
				MTL_FAST_MATH = YES;
				ONLY_ACTIVE_ARCH = YES;
				SDKROOT = iphoneos;
				SWIFT_ACTIVE_COMPILATION_CONDITIONS = DEBUG;
				SWIFT_OPTIMIZATION_LEVEL = "-Onone";
			};
			name = Debug;
		};
		AE1F9B8828D08D9100A9F173 /* Release */ = {
			isa = XCBuildConfiguration;
			buildSettings = {
				ALWAYS_SEARCH_USER_PATHS = NO;
				CLANG_ANALYZER_NONNULL = YES;
				CLANG_ANALYZER_NUMBER_OBJECT_CONVERSION = YES_AGGRESSIVE;
				CLANG_CXX_LANGUAGE_STANDARD = "gnu++14";
				CLANG_CXX_LIBRARY = "libc++";
				CLANG_ENABLE_MODULES = YES;
				CLANG_ENABLE_OBJC_ARC = YES;
				CLANG_ENABLE_OBJC_WEAK = YES;
				CLANG_WARN_BLOCK_CAPTURE_AUTORELEASING = YES;
				CLANG_WARN_BOOL_CONVERSION = YES;
				CLANG_WARN_COMMA = YES;
				CLANG_WARN_CONSTANT_CONVERSION = YES;
				CLANG_WARN_DEPRECATED_OBJC_IMPLEMENTATIONS = YES;
				CLANG_WARN_DIRECT_OBJC_ISA_USAGE = YES_ERROR;
				CLANG_WARN_DOCUMENTATION_COMMENTS = YES;
				CLANG_WARN_EMPTY_BODY = YES;
				CLANG_WARN_ENUM_CONVERSION = YES;
				CLANG_WARN_INFINITE_RECURSION = YES;
				CLANG_WARN_INT_CONVERSION = YES;
				CLANG_WARN_NON_LITERAL_NULL_CONVERSION = YES;
				CLANG_WARN_OBJC_IMPLICIT_RETAIN_SELF = YES;
				CLANG_WARN_OBJC_LITERAL_CONVERSION = YES;
				CLANG_WARN_OBJC_ROOT_CLASS = YES_ERROR;
				CLANG_WARN_QUOTED_INCLUDE_IN_FRAMEWORK_HEADER = YES;
				CLANG_WARN_RANGE_LOOP_ANALYSIS = YES;
				CLANG_WARN_STRICT_PROTOTYPES = YES;
				CLANG_WARN_SUSPICIOUS_MOVE = YES;
				CLANG_WARN_UNGUARDED_AVAILABILITY = YES_AGGRESSIVE;
				CLANG_WARN_UNREACHABLE_CODE = YES;
				CLANG_WARN__DUPLICATE_METHOD_MATCH = YES;
				COPY_PHASE_STRIP = NO;
				DEBUG_INFORMATION_FORMAT = "dwarf-with-dsym";
				ENABLE_NS_ASSERTIONS = NO;
				ENABLE_STRICT_OBJC_MSGSEND = YES;
				GCC_C_LANGUAGE_STANDARD = gnu11;
				GCC_NO_COMMON_BLOCKS = YES;
				GCC_WARN_64_TO_32_BIT_CONVERSION = YES;
				GCC_WARN_ABOUT_RETURN_TYPE = YES_ERROR;
				GCC_WARN_UNDECLARED_SELECTOR = YES;
				GCC_WARN_UNINITIALIZED_AUTOS = YES_AGGRESSIVE;
				GCC_WARN_UNUSED_FUNCTION = YES;
				GCC_WARN_UNUSED_VARIABLE = YES;
				IPHONEOS_DEPLOYMENT_TARGET = 14.3;
				MTL_ENABLE_DEBUG_INFO = NO;
				MTL_FAST_MATH = YES;
				SDKROOT = iphoneos;
				SWIFT_COMPILATION_MODE = wholemodule;
				SWIFT_OPTIMIZATION_LEVEL = "-O";
				VALIDATE_PRODUCT = YES;
			};
			name = Release;
		};
		AE1F9B8A28D08D9100A9F173 /* Debug */ = {
			isa = XCBuildConfiguration;
			buildSettings = {
				ASSETCATALOG_COMPILER_APPICON_NAME = AppIcon;
				ASSETCATALOG_COMPILER_GLOBAL_ACCENT_COLOR_NAME = AccentColor;
				CODE_SIGN_STYLE = Automatic;
				INFOPLIST_FILE = gg/Info.plist;
				LD_RUNPATH_SEARCH_PATHS = (
					"$(inherited)",
					"@executable_path/Frameworks",
				);
				PRODUCT_BUNDLE_IDENTIFIER = ru.kait20.gg;
				PRODUCT_NAME = "$(TARGET_NAME)";
				SWIFT_VERSION = 5.0;
				TARGETED_DEVICE_FAMILY = "1,2";
			};
			name = Debug;
		};
		AE1F9B8B28D08D9100A9F173 /* Release */ = {
			isa = XCBuildConfiguration;
			buildSettings = {
				ASSETCATALOG_COMPILER_APPICON_NAME = AppIcon;
				ASSETCATALOG_COMPILER_GLOBAL_ACCENT_COLOR_NAME = AccentColor;
				CODE_SIGN_STYLE = Automatic;
				INFOPLIST_FILE = gg/Info.plist;
				LD_RUNPATH_SEARCH_PATHS = (
					"$(inherited)",
					"@executable_path/Frameworks",
				);
				PRODUCT_BUNDLE_IDENTIFIER = ru.kait20.gg;
				PRODUCT_NAME = "$(TARGET_NAME)";
				SWIFT_VERSION = 5.0;
				TARGETED_DEVICE_FAMILY = "1,2";
			};
			name = Release;
		};
		AE1F9B8D28D08D9100A9F173 /* Debug */ = {
			isa = XCBuildConfiguration;
			buildSettings = {
				ALWAYS_EMBED_SWIFT_STANDARD_LIBRARIES = YES;
				BUNDLE_LOADER = "$(TEST_HOST)";
				CODE_SIGN_STYLE = Automatic;
				INFOPLIST_FILE = ggTests/Info.plist;
				IPHONEOS_DEPLOYMENT_TARGET = 14.3;
				LD_RUNPATH_SEARCH_PATHS = (
					"$(inherited)",
					"@executable_path/Frameworks",
					"@loader_path/Frameworks",
				);
				PRODUCT_BUNDLE_IDENTIFIER = ru.kait20.ggTests;
				PRODUCT_NAME = "$(TARGET_NAME)";
				SWIFT_VERSION = 5.0;
				TARGETED_DEVICE_FAMILY = "1,2";
				TEST_HOST = "$(BUILT_PRODUCTS_DIR)/gg.app/gg";
			};
			name = Debug;
		};
		AE1F9B8E28D08D9100A9F173 /* Release */ = {
			isa = XCBuildConfiguration;
			buildSettings = {
				ALWAYS_EMBED_SWIFT_STANDARD_LIBRARIES = YES;
				BUNDLE_LOADER = "$(TEST_HOST)";
				CODE_SIGN_STYLE = Automatic;
				INFOPLIST_FILE = ggTests/Info.plist;
				IPHONEOS_DEPLOYMENT_TARGET = 14.3;
				LD_RUNPATH_SEARCH_PATHS = (
					"$(inherited)",
					"@executable_path/Frameworks",
					"@loader_path/Frameworks",
				);
				PRODUCT_BUNDLE_IDENTIFIER = ru.kait20.ggTests;
				PRODUCT_NAME = "$(TARGET_NAME)";
				SWIFT_VERSION = 5.0;
				TARGETED_DEVICE_FAMILY = "1,2";
				TEST_HOST = "$(BUILT_PRODUCTS_DIR)/gg.app/gg";
			};
			name = Release;
		};
		AE1F9B9028D08D9100A9F173 /* Debug */ = {
			isa = XCBuildConfiguration;
			buildSettings = {
				ALWAYS_EMBED_SWIFT_STANDARD_LIBRARIES = YES;
				CODE_SIGN_STYLE = Automatic;
				INFOPLIST_FILE = ggUITests/Info.plist;
				LD_RUNPATH_SEARCH_PATHS = (
					"$(inherited)",
					"@executable_path/Frameworks",
					"@loader_path/Frameworks",
				);
				PRODUCT_BUNDLE_IDENTIFIER = ru.kait20.ggUITests;
				PRODUCT_NAME = "$(TARGET_NAME)";
				SWIFT_VERSION = 5.0;
				TARGETED_DEVICE_FAMILY = "1,2";
				TEST_TARGET_NAME = gg;
			};
			name = Debug;
		};
		AE1F9B9128D08D9100A9F173 /* Release */ = {
			isa = XCBuildConfiguration;
			buildSettings = {
				ALWAYS_EMBED_SWIFT_STANDARD_LIBRARIES = YES;
				CODE_SIGN_STYLE = Automatic;
				INFOPLIST_FILE = ggUITests/Info.plist;
				LD_RUNPATH_SEARCH_PATHS = (
					"$(inherited)",
					"@executable_path/Frameworks",
					"@loader_path/Frameworks",
				);
				PRODUCT_BUNDLE_IDENTIFIER = ru.kait20.ggUITests;
				PRODUCT_NAME = "$(TARGET_NAME)";
				SWIFT_VERSION = 5.0;
				TARGETED_DEVICE_FAMILY = "1,2";
				TEST_TARGET_NAME = gg;
			};
			name = Release;
		};
/* End XCBuildConfiguration section */

/* Begin XCConfigurationList section */
		AE1F9B5A28D08D8E00A9F173 /* Build configuration list for PBXProject "gg" */ = {
			isa = XCConfigurationList;
			buildConfigurations = (
				AE1F9B8728D08D9100A9F173 /* Debug */,
				AE1F9B8828D08D9100A9F173 /* Release */,
			);
			defaultConfigurationIsVisible = 0;
			defaultConfigurationName = Release;
		};
		AE1F9B8928D08D9100A9F173 /* Build configuration list for PBXNativeTarget "gg" */ = {
			isa = XCConfigurationList;
			buildConfigurations = (
				AE1F9B8A28D08D9100A9F173 /* Debug */,
				AE1F9B8B28D08D9100A9F173 /* Release */,
			);
			defaultConfigurationIsVisible = 0;
			defaultConfigurationName = Release;
		};
		AE1F9B8C28D08D9100A9F173 /* Build configuration list for PBXNativeTarget "ggTests" */ = {
			isa = XCConfigurationList;
			buildConfigurations = (
				AE1F9B8D28D08D9100A9F173 /* Debug */,
				AE1F9B8E28D08D9100A9F173 /* Release */,
			);
			defaultConfigurationIsVisible = 0;
			defaultConfigurationName = Release;
		};
		AE1F9B8F28D08D9100A9F173 /* Build configuration list for PBXNativeTarget "ggUITests" */ = {
			isa = XCConfigurationList;
			buildConfigurations = (
				AE1F9B9028D08D9100A9F173 /* Debug */,
				AE1F9B9128D08D9100A9F173 /* Release */,
			);
			defaultConfigurationIsVisible = 0;
			defaultConfigurationName = Release;
		};
/* End XCConfigurationList section */
	};
	rootObject = AE1F9B5728D08D8E00A9F173 /* Project object */;
}
